hash: e8beafd6ea76fa4d50d7c7c1dc628d504cb5d3c99ad0c64b32631f0af6ad8b8b
updated: 2017-10-10T09:20:16.219779748+05:30
imports:
- name: github.com/armon/go-metrics
  version: 0a12dc6f6b9da6da644031a1b9b5a85478c5ee27
- name: github.com/golang/protobuf
  version: 8ee79997227bf9b34611aee7946ae64735e6fd93
  subpackages:
  - proto
- name: github.com/hashicorp/errwrap
  version: 7554cd9344cec97297fa6649b055a8c98c2a1e55
- name: github.com/hashicorp/go-immutable-radix
  version: 8aac2701530899b64bdea735a1de8da899815220
- name: github.com/hashicorp/go-msgpack
  version: fa3f63826f7c23912c15263591e65d54d080b458
  subpackages:
  - codec
- name: github.com/hashicorp/go-multierror
  version: 83588e72410abfbe4df460eeb6f30841ae47d4c4
- name: github.com/hashicorp/go-sockaddr
  version: 41949a141473f6340abc6ba0fcd0f89da6f6f837
- name: github.com/hashicorp/golang-lru
  version: 0a025b7e63adc15a622f29b0b2c4c3848243bbf6
  subpackages:
  - simplelru
- name: github.com/hashicorp/memberlist
  version: 687988a0b5daaf7ed5051e5e374aef27f8254822
- name: github.com/miekg/dns
  version: 689d334b0197696eac0afdaa67224aca9ce93eff
- name: github.com/patrickmn/go-cache
  version: a3647f8e31d79543b2d0f0ae2fe5c379d72cedc0
- name: github.com/sean-/seed
  version: e2103e2c35297fb7e17febb81e49b312087a2372
- name: github.com/SinisterLight/gossipdb
  version: 4c86a5daf374f10d1d721e3c64a1256391ad13d3
testImports: []
